
Microsoft Visual Studio Solution File, Format Version 12.00
# Visual Studio 15
VisualStudioVersion = 15.0.28307.136
MinimumVisualStudioVersion = 10.0.40219.1
Project("{9A19103F-16F7-4668-BE54-9A1E7A4F7556}") = "LambdaDemo.Core", "LambdaDemo.Core\LambdaDemo.Core.csproj", "{D27D4B49-9D52-43A4-92C7-02CE299195C3}"
EndProject
Project("{9A19103F-16F7-4668-BE54-9A1E7A4F7556}") = "LambdaDemo.Main", "LambdaDemo.Main\LambdaDemo.Main.csproj", "{7E0E41E8-8CCB-4AEF-86C6-93FDB00768CD}"
EndProject
Project("{9A19103F-16F7-4668-BE54-9A1E7A4F7556}") = "LambdaDemo.Lambda", "LambdaDemo.Lambda\LambdaDemo.Lambda.csproj", "{05D5B274-1EA7-44DD-AA51-5090C49A81E4}"
EndProject
Project("{9A19103F-16F7-4668-BE54-9A1E7A4F7556}") = "LambdaDemo.Main2", "LambdaDemo.Main2\LambdaDemo.Main2.csproj", "{00A20B7E-82B5-4398-B616-23D2C0B3FF52}"
EndProject
Project("{9A19103F-16F7-4668-BE54-9A1E7A4F7556}") = "LambdaDemo.LambdaSQS", "LambdaDemo.LambdaSQS\LambdaDemo.LambdaSQS.csproj", "{87B571A4-1979-44C3-B189-22169BC95C5D}"
EndProject
Project("{9A19103F-16F7-4668-BE54-9A1E7A4F7556}") = "LambdaDemo.Main3", "LambdaDemo.Main3\LambdaDemo.Main3.csproj", "{7D1B7074-EDB1-407D-9222-D708540DFB8F}"
EndProject
Global
	GlobalSection(SolutionConfigurationPlatforms) = preSolution
		Debug|Any CPU = Debug|Any CPU
		Release|Any CPU = Release|Any CPU
	EndGlobalSection
	GlobalSection(ProjectConfigurationPlatforms) = postSolution
		{D27D4B49-9D52-43A4-92C7-02CE299195C3}.Debug|Any CPU.ActiveCfg = Debug|Any CPU
		{D27D4B49-9D52-43A4-92C7-02CE299195C3}.Debug|Any CPU.Build.0 = Debug|Any CPU
		{D27D4B49-9D52-43A4-92C7-02CE299195C3}.Release|Any CPU.ActiveCfg = Release|Any CPU
		{D27D4B49-9D52-43A4-92C7-02CE299195C3}.Release|Any CPU.Build.0 = Release|Any CPU
		{7E0E41E8-8CCB-4AEF-86C6-93FDB00768CD}.Debug|Any CPU.ActiveCfg = Debug|Any CPU
		{7E0E41E8-8CCB-4AEF-86C6-93FDB00768CD}.Debug|Any CPU.Build.0 = Debug|Any CPU
		{7E0E41E8-8CCB-4AEF-86C6-93FDB00768CD}.Release|Any CPU.ActiveCfg = Release|Any CPU
		{7E0E41E8-8CCB-4AEF-86C6-93FDB00768CD}.Release|Any CPU.Build.0 = Release|Any CPU
		{05D5B274-1EA7-44DD-AA51-5090C49A81E4}.Debug|Any CPU.ActiveCfg = Debug|Any CPU
		{05D5B274-1EA7-44DD-AA51-5090C49A81E4}.Debug|Any CPU.Build.0 = Debug|Any CPU
		{05D5B274-1EA7-44DD-AA51-5090C49A81E4}.Release|Any CPU.ActiveCfg = Release|Any CPU
		{05D5B274-1EA7-44DD-AA51-5090C49A81E4}.Release|Any CPU.Build.0 = Release|Any CPU
		{00A20B7E-82B5-4398-B616-23D2C0B3FF52}.Debug|Any CPU.ActiveCfg = Debug|Any CPU
		{00A20B7E-82B5-4398-B616-23D2C0B3FF52}.Debug|Any CPU.Build.0 = Debug|Any CPU
		{00A20B7E-82B5-4398-B616-23D2C0B3FF52}.Release|Any CPU.ActiveCfg = Release|Any CPU
		{00A20B7E-82B5-4398-B616-23D2C0B3FF52}.Release|Any CPU.Build.0 = Release|Any CPU
		{87B571A4-1979-44C3-B189-22169BC95C5D}.Debug|Any CPU.ActiveCfg = Debug|Any CPU
		{87B571A4-1979-44C3-B189-22169BC95C5D}.Debug|Any CPU.Build.0 = Debug|Any CPU
		{87B571A4-1979-44C3-B189-22169BC95C5D}.Release|Any CPU.ActiveCfg = Release|Any CPU
		{87B571A4-1979-44C3-B189-22169BC95C5D}.Release|Any CPU.Build.0 = Release|Any CPU
		{7D1B7074-EDB1-407D-9222-D708540DFB8F}.Debug|Any CPU.ActiveCfg = Debug|Any CPU
		{7D1B7074-EDB1-407D-9222-D708540DFB8F}.Debug|Any CPU.Build.0 = Debug|Any CPU
		{7D1B7074-EDB1-407D-9222-D708540DFB8F}.Release|Any CPU.ActiveCfg = Release|Any CPU
		{7D1B7074-EDB1-407D-9222-D708540DFB8F}.Release|Any CPU.Build.0 = Release|Any CPU
	EndGlobalSection
	GlobalSection(SolutionProperties) = preSolution
		HideSolutionNode = FALSE
	EndGlobalSection
	GlobalSection(ExtensibilityGlobals) = postSolution
		SolutionGuid = {A591C5BF-ED83-4136-ABD6-C93754847712}
	EndGlobalSection
EndGlobal
